
Microsoft Visual Studio Solution File, Format Version 12.00
# Visual Studio 15
VisualStudioVersion = 15.0.26430.14
MinimumVisualStudioVersion = 10.0.40219.1
Project("{FAE04EC0-301F-11D3-BF4B-00C04F79EFBC}") = "Library704", "Library704\Library704.csproj", "{FE36F83B-FFA1-4CB0-A48C-7B0B9E75F2BF}"
EndProject
Project("{2150E333-8FDC-42A3-9474-1A3956D46DE8}") = "Solution Items", "Solution Items", "{33AC1B9C-E684-4627-93FF-5C8B005C1336}"
EndProject
Global
	GlobalSection(SolutionConfigurationPlatforms) = preSolution
		Debug|Any CPU = Debug|Any CPU
		Debug|x64 = Debug|x64
		Release|Any CPU = Release|Any CPU
		Release|x64 = Release|x64
	EndGlobalSection
	GlobalSection(ProjectConfigurationPlatforms) = postSolution
		{FE36F83B-FFA1-4CB0-A48C-7B0B9E75F2BF}.Debug|Any CPU.ActiveCfg = Debug|Any CPU
		{FE36F83B-FFA1-4CB0-A48C-7B0B9E75F2BF}.Debug|Any CPU.Build.0 = Debug|Any CPU
		{FE36F83B-FFA1-4CB0-A48C-7B0B9E75F2BF}.Debug|x64.ActiveCfg = Debug|x64
		{FE36F83B-FFA1-4CB0-A48C-7B0B9E75F2BF}.Debug|x64.Build.0 = Debug|x64
		{FE36F83B-FFA1-4CB0-A48C-7B0B9E75F2BF}.Release|Any CPU.ActiveCfg = Release|Any CPU
		{FE36F83B-FFA1-4CB0-A48C-7B0B9E75F2BF}.Release|Any CPU.Build.0 = Release|Any CPU
		{FE36F83B-FFA1-4CB0-A48C-7B0B9E75F2BF}.Release|x64.ActiveCfg = Release|x64
		{FE36F83B-FFA1-4CB0-A48C-7B0B9E75F2BF}.Release|x64.Build.0 = Release|x64
	EndGlobalSection
	GlobalSection(SolutionProperties) = preSolution
		HideSolutionNode = FALSE
	EndGlobalSection
	GlobalSection(ExtensibilityGlobals) = postSolution
		SolutionGuid = {028C126F-306F-4683-ADDE-E159F481EF22}
	EndGlobalSection
EndGlobal
